
Microsoft Visual Studio Solution File, Format Version 12.00
# Visual Studio Version 17
VisualStudioVersion = 17.4.33103.184
MinimumVisualStudioVersion = 10.0.40219.1
Project("{FAE04EC0-301F-11D3-BF4B-00C04F79EFBC}") = "Houses(me)", "Houses(me)\Houses(me).csproj", "{7B2E5226-ED67-46E7-A468-5FA93BA220F9}"
EndProject
Global
	GlobalSection(SolutionConfigurationPlatforms) = preSolution
		Debug|Any CPU = Debug|Any CPU
		Release|Any CPU = Release|Any CPU
	EndGlobalSection
	GlobalSection(ProjectConfigurationPlatforms) = postSolution
		{7B2E5226-ED67-46E7-A468-5FA93BA220F9}.Debug|Any CPU.ActiveCfg = Debug|Any CPU
		{7B2E5226-ED67-46E7-A468-5FA93BA220F9}.Debug|Any CPU.Build.0 = Debug|Any CPU
		{7B2E5226-ED67-46E7-A468-5FA93BA220F9}.Release|Any CPU.ActiveCfg = Release|Any CPU
		{7B2E5226-ED67-46E7-A468-5FA93BA220F9}.Release|Any CPU.Build.0 = Release|Any CPU
	EndGlobalSection
	GlobalSection(SolutionProperties) = preSolution
		HideSolutionNode = FALSE
	EndGlobalSection
	GlobalSection(ExtensibilityGlobals) = postSolution
		SolutionGuid = {D4DEC8BD-DEA1-4A7A-A7C9-17281D819898}
	EndGlobalSection
EndGlobal
